// !$*UTF8*$!
{
	archiveVersion = 1;
	classes = {
	};
	objectVersion = 46;
	objects = {

/* Begin PBXBuildFile section */
		5BEB2080190A6FBA005949C1 /* Foundation.framework in Frameworks */ = {isa = PBXBuildFile; fileRef = 5BEB207F190A6FBA005949C1 /* Foundation.framework */; };
		5BEB2082190A6FBA005949C1 /* CoreGraphics.framework in Frameworks */ = {isa = PBXBuildFile; fileRef = 5BEB2081190A6FBA005949C1 /* CoreGraphics.framework */; };
		5BEB2084190A6FBA005949C1 /* UIKit.framework in Frameworks */ = {isa = PBXBuildFile; fileRef = 5BEB2083190A6FBA005949C1 /* UIKit.framework */; };
		5BEB208A190A6FBA005949C1 /* InfoPlist.strings in Resources */ = {isa = PBXBuildFile; fileRef = 5BEB2088190A6FBA005949C1 /* InfoPlist.strings */; };
		5BEB208C190A6FBA005949C1 /* main.m in Sources */ = {isa = PBXBuildFile; fileRef = 5BEB208B190A6FBA005949C1 /* main.m */; };
		5BEB2090190A6FBA005949C1 /* AppDelegate.m in Sources */ = {isa = PBXBuildFile; fileRef = 5BEB208F190A6FBA005949C1 /* AppDelegate.m */; };
		5BEB2093190A6FBA005949C1 /* Main_iPhone.storyboard in Resources */ = {isa = PBXBuildFile; fileRef = 5BEB2091190A6FBA005949C1 /* Main_iPhone.storyboard */; };
		5BEB2096190A6FBA005949C1 /* Main_iPad.storyboard in Resources */ = {isa = PBXBuildFile; fileRef = 5BEB2094190A6FBA005949C1 /* Main_iPad.storyboard */; };
		5BEB2099190A6FBA005949C1 /* FirstViewController.m in Sources */ = {isa = PBXBuildFile; fileRef = 5BEB2098190A6FBA005949C1 /* FirstViewController.m */; };
		5BEB209C190A6FBA005949C1 /* SecondViewController.m in Sources */ = {isa = PBXBuildFile; fileRef = 5BEB209B190A6FBA005949C1 /* SecondViewController.m */; };
		5BEB209E190A6FBA005949C1 /* Images.xcassets in Resources */ = {isa = PBXBuildFile; fileRef = 5BEB209D190A6FBA005949C1 /* Images.xcassets */; };
		5BEB20A5190A6FBB005949C1 /* XCTest.framework in Frameworks */ = {isa = PBXBuildFile; fileRef = 5BEB20A4190A6FBB005949C1 /* XCTest.framework */; };
		5BEB20A6190A6FBB005949C1 /* Foundation.framework in Frameworks */ = {isa = PBXBuildFile; fileRef = 5BEB207F190A6FBA005949C1 /* Foundation.framework */; };
		5BEB20A7190A6FBB005949C1 /* UIKit.framework in Frameworks */ = {isa = PBXBuildFile; fileRef = 5BEB2083190A6FBA005949C1 /* UIKit.framework */; };
		5BEB20AF190A6FBB005949C1 /* InfoPlist.strings in Resources */ = {isa = PBXBuildFile; fileRef = 5BEB20AD190A6FBB005949C1 /* InfoPlist.strings */; };
		5BEB20B1190A6FBB005949C1 /* beacontunesTests.m in Sources */ = {isa = PBXBuildFile; fileRef = 5BEB20B0190A6FBB005949C1 /* beacontunesTests.m */; };
/* End PBXBuildFile section */

/* Begin PBXContainerItemProxy section */
		5BEB20A8190A6FBB005949C1 /* PBXContainerItemProxy */ = {
			isa = PBXContainerItemProxy;
			containerPortal = 5BEB2074190A6FBA005949C1 /* Project object */;
			proxyType = 1;
			remoteGlobalIDString = 5BEB207B190A6FBA005949C1;
			remoteInfo = beacontunes;
		};
/* End PBXContainerItemProxy section */

/* Begin PBXFileReference section */
		5BEB207C190A6FBA005949C1 /* beacontunes.app */ = {isa = PBXFileReference; explicitFileType = wrapper.application; includeInIndex = 0; path = beacontunes.app; sourceTree = BUILT_PRODUCTS_DIR; };
		5BEB207F190A6FBA005949C1 /* Foundation.framework */ = {isa = PBXFileReference; lastKnownFileType = wrapper.framework; name = Foundation.framework; path = System/Library/Frameworks/Foundation.framework; sourceTree = SDKROOT; };
		5BEB2081190A6FBA005949C1 /* CoreGraphics.framework */ = {isa = PBXFileReference; lastKnownFileType = wrapper.framework; name = CoreGraphics.framework; path = System/Library/Frameworks/CoreGraphics.framework; sourceTree = SDKROOT; };
		5BEB2083190A6FBA005949C1 /* UIKit.framework */ = {isa = PBXFileReference; lastKnownFileType = wrapper.framework; name = UIKit.framework; path = System/Library/Frameworks/UIKit.framework; sourceTree = SDKROOT; };
		5BEB2087190A6FBA005949C1 /* beacontunes-Info.plist */ = {isa = PBXFileReference; lastKnownFileType = text.plist.xml; path = "beacontunes-Info.plist"; sourceTree = "<group>"; };
		5BEB2089190A6FBA005949C1 /* en */ = {isa = PBXFileReference; lastKnownFileType = text.plist.strings; name = en; path = en.lproj/InfoPlist.strings; sourceTree = "<group>"; };
		5BEB208B190A6FBA005949C1 /* main.m */ = {isa = PBXFileReference; lastKnownFileType = sourcecode.c.objc; path = main.m; sourceTree = "<group>"; };
		5BEB208D190A6FBA005949C1 /* beacontunes-Prefix.pch */ = {isa = PBXFileReference; lastKnownFileType = sourcecode.c.h; path = "beacontunes-Prefix.pch"; sourceTree = "<group>"; };
		5BEB208E190A6FBA005949C1 /* AppDelegate.h */ = {isa = PBXFileReference; lastKnownFileType = sourcecode.c.h; path = AppDelegate.h; sourceTree = "<group>"; };
		5BEB208F190A6FBA005949C1 /* AppDelegate.m */ = {isa = PBXFileReference; lastKnownFileType = sourcecode.c.objc; path = AppDelegate.m; sourceTree = "<group>"; };
		5BEB2092190A6FBA005949C1 /* Base */ = {isa = PBXFileReference; lastKnownFileType = file.storyboard; name = Base; path = Base.lproj/Main_iPhone.storyboard; sourceTree = "<group>"; };
		5BEB2095190A6FBA005949C1 /* Base */ = {isa = PBXFileReference; lastKnownFileType = file.storyboard; name = Base; path = Base.lproj/Main_iPad.storyboard; sourceTree = "<group>"; };
		5BEB2097190A6FBA005949C1 /* FirstViewController.h */ = {isa = PBXFileReference; lastKnownFileType = sourcecode.c.h; path = FirstViewController.h; sourceTree = "<group>"; };
		5BEB2098190A6FBA005949C1 /* FirstViewController.m */ = {isa = PBXFileReference; lastKnownFileType = sourcecode.c.objc; path = FirstViewController.m; sourceTree = "<group>"; };
		5BEB209A190A6FBA005949C1 /* SecondViewController.h */ = {isa = PBXFileReference; lastKnownFileType = sourcecode.c.h; path = SecondViewController.h; sourceTree = "<group>"; };
		5BEB209B190A6FBA005949C1 /* SecondViewController.m */ = {isa = PBXFileReference; lastKnownFileType = sourcecode.c.objc; path = SecondViewController.m; sourceTree = "<group>"; };
		5BEB209D190A6FBA005949C1 /* Images.xcassets */ = {isa = PBXFileReference; lastKnownFileType = folder.assetcatalog; path = Images.xcassets; sourceTree = "<group>"; };
		5BEB20A3190A6FBB005949C1 /* beacontunesTests.xctest */ = {isa = PBXFileReference; explicitFileType = wrapper.cfbundle; includeInIndex = 0; path = beacontunesTests.xctest; sourceTree = BUILT_PRODUCTS_DIR; };
		5BEB20A4190A6FBB005949C1 /* XCTest.framework */ = {isa = PBXFileReference; lastKnownFileType = wrapper.framework; name = XCTest.framework; path = Library/Frameworks/XCTest.framework; sourceTree = DEVELOPER_DIR; };
		5BEB20AC190A6FBB005949C1 /* beacontunesTests-Info.plist */ = {isa = PBXFileReference; lastKnownFileType = text.plist.xml; path = "beacontunesTests-Info.plist"; sourceTree = "<group>"; };
		5BEB20AE190A6FBB005949C1 /* en */ = {isa = PBXFileReference; lastKnownFileType = text.plist.strings; name = en; path = en.lproj/InfoPlist.strings; sourceTree = "<group>"; };
		5BEB20B0190A6FBB005949C1 /* beacontunesTests.m */ = {isa = PBXFileReference; lastKnownFileType = sourcecode.c.objc; path = beacontunesTests.m; sourceTree = "<group>"; };
/* End PBXFileReference section */

/* Begin PBXFrameworksBuildPhase section */
		5BEB2079190A6FBA005949C1 /* Frameworks */ = {
			isa = PBXFrameworksBuildPhase;
			buildActionMask = 2147483647;
			files = (
				5BEB2082190A6FBA005949C1 /* CoreGraphics.framework in Frameworks */,
				5BEB2084190A6FBA005949C1 /* UIKit.framework in Frameworks */,
				5BEB2080190A6FBA005949C1 /* Foundation.framework in Frameworks */,
			);
			runOnlyForDeploymentPostprocessing = 0;
		};
		5BEB20A0190A6FBB005949C1 /* Frameworks */ = {
			isa = PBXFrameworksBuildPhase;
			buildActionMask = 2147483647;
			files = (
				5BEB20A5190A6FBB005949C1 /* XCTest.framework in Frameworks */,
				5BEB20A7190A6FBB005949C1 /* UIKit.framework in Frameworks */,
				5BEB20A6190A6FBB005949C1 /* Foundation.framework in Frameworks */,
			);
			runOnlyForDeploymentPostprocessing = 0;
		};
/* End PBXFrameworksBuildPhase section */

/* Begin PBXGroup section */
		5BEB2073190A6FBA005949C1 = {
			isa = PBXGroup;
			children = (
				5BEB2085190A6FBA005949C1 /* beacontunes */,
				5BEB20AA190A6FBB005949C1 /* beacontunesTests */,
				5BEB207E190A6FBA005949C1 /* Frameworks */,
				5BEB207D190A6FBA005949C1 /* Products */,
			);
			sourceTree = "<group>";
		};
		5BEB207D190A6FBA005949C1 /* Products */ = {
			isa = PBXGroup;
			children = (
				5BEB207C190A6FBA005949C1 /* beacontunes.app */,
				5BEB20A3190A6FBB005949C1 /* beacontunesTests.xctest */,
			);
			name = Products;
			sourceTree = "<group>";
		};
		5BEB207E190A6FBA005949C1 /* Frameworks */ = {
			isa = PBXGroup;
			children = (
				5BEB207F190A6FBA005949C1 /* Foundation.framework */,
				5BEB2081190A6FBA005949C1 /* CoreGraphics.framework */,
				5BEB2083190A6FBA005949C1 /* UIKit.framework */,
				5BEB20A4190A6FBB005949C1 /* XCTest.framework */,
			);
			name = Frameworks;
			sourceTree = "<group>";
		};
		5BEB2085190A6FBA005949C1 /* beacontunes */ = {
			isa = PBXGroup;
			children = (
				5BEB208E190A6FBA005949C1 /* AppDelegate.h */,
				5BEB208F190A6FBA005949C1 /* AppDelegate.m */,
				5BEB2091190A6FBA005949C1 /* Main_iPhone.storyboard */,
				5BEB2094190A6FBA005949C1 /* Main_iPad.storyboard */,
				5BEB2097190A6FBA005949C1 /* FirstViewController.h */,
				5BEB2098190A6FBA005949C1 /* FirstViewController.m */,
				5BEB209A190A6FBA005949C1 /* SecondViewController.h */,
				5BEB209B190A6FBA005949C1 /* SecondViewController.m */,
				5BEB209D190A6FBA005949C1 /* Images.xcassets */,
				5BEB2086190A6FBA005949C1 /* Supporting Files */,
			);
			path = beacontunes;
			sourceTree = "<group>";
		};
		5BEB2086190A6FBA005949C1 /* Supporting Files */ = {
			isa = PBXGroup;
			children = (
				5BEB2087190A6FBA005949C1 /* beacontunes-Info.plist */,
				5BEB2088190A6FBA005949C1 /* InfoPlist.strings */,
				5BEB208B190A6FBA005949C1 /* main.m */,
				5BEB208D190A6FBA005949C1 /* beacontunes-Prefix.pch */,
			);
			name = "Supporting Files";
			sourceTree = "<group>";
		};
		5BEB20AA190A6FBB005949C1 /* beacontunesTests */ = {
			isa = PBXGroup;
			children = (
				5BEB20B0190A6FBB005949C1 /* beacontunesTests.m */,
				5BEB20AB190A6FBB005949C1 /* Supporting Files */,
			);
			path = beacontunesTests;
			sourceTree = "<group>";
		};
		5BEB20AB190A6FBB005949C1 /* Supporting Files */ = {
			isa = PBXGroup;
			children = (
				5BEB20AC190A6FBB005949C1 /* beacontunesTests-Info.plist */,
				5BEB20AD190A6FBB005949C1 /* InfoPlist.strings */,
			);
			name = "Supporting Files";
			sourceTree = "<group>";
		};
/* End PBXGroup section */

/* Begin PBXNativeTarget section */
		5BEB207B190A6FBA005949C1 /* beacontunes */ = {
			isa = PBXNativeTarget;
			buildConfigurationList = 5BEB20B4190A6FBB005949C1 /* Build configuration list for PBXNativeTarget "beacontunes" */;
			buildPhases = (
				5BEB2078190A6FBA005949C1 /* Sources */,
				5BEB2079190A6FBA005949C1 /* Frameworks */,
				5BEB207A190A6FBA005949C1 /* Resources */,
			);
			buildRules = (
			);
			dependencies = (
			);
			name = beacontunes;
			productName = beacontunes;
			productReference = 5BEB207C190A6FBA005949C1 /* beacontunes.app */;
			productType = "com.apple.product-type.application";
		};
		5BEB20A2190A6FBB005949C1 /* beacontunesTests */ = {
			isa = PBXNativeTarget;
			buildConfigurationList = 5BEB20B7190A6FBB005949C1 /* Build configuration list for PBXNativeTarget "beacontunesTests" */;
			buildPhases = (
				5BEB209F190A6FBB005949C1 /* Sources */,
				5BEB20A0190A6FBB005949C1 /* Frameworks */,
				5BEB20A1190A6FBB005949C1 /* Resources */,
			);
			buildRules = (
			);
			dependencies = (
				5BEB20A9190A6FBB005949C1 /* PBXTargetDependency */,
			);
			name = beacontunesTests;
			productName = beacontunesTests;
			productReference = 5BEB20A3190A6FBB005949C1 /* beacontunesTests.xctest */;
			productType = "com.apple.product-type.bundle.unit-test";
		};
/* End PBXNativeTarget section */

/* Begin PBXProject section */
		5BEB2074190A6FBA005949C1 /* Project object */ = {
			isa = PBXProject;
			attributes = {
				LastUpgradeCheck = 0510;
				ORGANIZATIONNAME = "Pussy Galore";
				TargetAttributes = {
					5BEB20A2190A6FBB005949C1 = {
						TestTargetID = 5BEB207B190A6FBA005949C1;
					};
				};
			};
			buildConfigurationList = 5BEB2077190A6FBA005949C1 /* Build configuration list for PBXProject "beacontunes" */;
			compatibilityVersion = "Xcode 3.2";
			developmentRegion = English;
			hasScannedForEncodings = 0;
			knownRegions = (
				en,
				Base,
			);
			mainGroup = 5BEB2073190A6FBA005949C1;
			productRefGroup = 5BEB207D190A6FBA005949C1 /* Products */;
			projectDirPath = "";
			projectRoot = "";
			targets = (
				5BEB207B190A6FBA005949C1 /* beacontunes */,
				5BEB20A2190A6FBB005949C1 /* beacontunesTests */,
			);
		};
/* End PBXProject section */

/* Begin PBXResourcesBuildPhase section */
		5BEB207A190A6FBA005949C1 /* Resources */ = {
			isa = PBXResourcesBuildPhase;
			buildActionMask = 2147483647;
			files = (
				5BEB2096190A6FBA005949C1 /* Main_iPad.storyboard in Resources */,
				5BEB209E190A6FBA005949C1 /* Images.xcassets in Resources */,
				5BEB2093190A6FBA005949C1 /* Main_iPhone.storyboard in Resources */,
				5BEB208A190A6FBA005949C1 /* InfoPlist.strings in Resources */,
			);
			runOnlyForDeploymentPostprocessing = 0;
		};
		5BEB20A1190A6FBB005949C1 /* Resources */ = {
			isa = PBXResourcesBuildPhase;
			buildActionMask = 2147483647;
			files = (
				5BEB20AF190A6FBB005949C1 /* InfoPlist.strings in Resources */,
			);
			runOnlyForDeploymentPostprocessing = 0;
		};
/* End PBXResourcesBuildPhase section */

/* Begin PBXSourcesBuildPhase section */
		5BEB2078190A6FBA005949C1 /* Sources */ = {
			isa = PBXSourcesBuildPhase;
			buildActionMask = 2147483647;
			files = (
				5BEB209C190A6FBA005949C1 /* SecondViewController.m in Sources */,
				5BEB2090190A6FBA005949C1 /* AppDelegate.m in Sources */,
				5BEB2099190A6FBA005949C1 /* FirstViewController.m in Sources */,
				5BEB208C190A6FBA005949C1 /* main.m in Sources */,
			);
			runOnlyForDeploymentPostprocessing = 0;
		};
		5BEB209F190A6FBB005949C1 /* Sources */ = {
			isa = PBXSourcesBuildPhase;
			buildActionMask = 2147483647;
			files = (
				5BEB20B1190A6FBB005949C1 /* beacontunesTests.m in Sources */,
			);
			runOnlyForDeploymentPostprocessing = 0;
		};
/* End PBXSourcesBuildPhase section */

/* Begin PBXTargetDependency section */
		5BEB20A9190A6FBB005949C1 /* PBXTargetDependency */ = {
			isa = PBXTargetDependency;
			target = 5BEB207B190A6FBA005949C1 /* beacontunes */;
			targetProxy = 5BEB20A8190A6FBB005949C1 /* PBXContainerItemProxy */;
		};
/* End PBXTargetDependency section */

/* Begin PBXVariantGroup section */
		5BEB2088190A6FBA005949C1 /* InfoPlist.strings */ = {
			isa = PBXVariantGroup;
			children = (
				5BEB2089190A6FBA005949C1 /* en */,
			);
			name = InfoPlist.strings;
			sourceTree = "<group>";
		};
		5BEB2091190A6FBA005949C1 /* Main_iPhone.storyboard */ = {
			isa = PBXVariantGroup;
			children = (
				5BEB2092190A6FBA005949C1 /* Base */,
			);
			name = Main_iPhone.storyboard;
			sourceTree = "<group>";
		};
		5BEB2094190A6FBA005949C1 /* Main_iPad.storyboard */ = {
			isa = PBXVariantGroup;
			children = (
				5BEB2095190A6FBA005949C1 /* Base */,
			);
			name = Main_iPad.storyboard;
			sourceTree = "<group>";
		};
		5BEB20AD190A6FBB005949C1 /* InfoPlist.strings */ = {
			isa = PBXVariantGroup;
			children = (
				5BEB20AE190A6FBB005949C1 /* en */,
			);
			name = InfoPlist.strings;
			sourceTree = "<group>";
		};
/* End PBXVariantGroup section */

/* Begin XCBuildConfiguration section */
		5BEB20B2190A6FBB005949C1 /* Debug */ = {
			isa = XCBuildConfiguration;
			buildSettings = {
				ALWAYS_SEARCH_USER_PATHS = NO;
				CLANG_CXX_LANGUAGE_STANDARD = "gnu++0x";
				CLANG_CXX_LIBRARY = "libc++";
				CLANG_ENABLE_MODULES = YES;
				CLANG_ENABLE_OBJC_ARC = YES;
				CLANG_WARN_BOOL_CONVERSION = YES;
				CLANG_WARN_CONSTANT_CONVERSION = YES;
				CLANG_WARN_DIRECT_OBJC_ISA_USAGE = YES_ERROR;
				CLANG_WARN_EMPTY_BODY = YES;
				CLANG_WARN_ENUM_CONVERSION = YES;
				CLANG_WARN_INT_CONVERSION = YES;
				CLANG_WARN_OBJC_ROOT_CLASS = YES_ERROR;
				CLANG_WARN__DUPLICATE_METHOD_MATCH = YES;
				"CODE_SIGN_IDENTITY[sdk=iphoneos*]" = "iPhone Developer";
				COPY_PHASE_STRIP = NO;
				GCC_C_LANGUAGE_STANDARD = gnu99;
				GCC_DYNAMIC_NO_PIC = NO;
				GCC_OPTIMIZATION_LEVEL = 0;
				GCC_PREPROCESSOR_DEFINITIONS = (
					"DEBUG=1",
					"$(inherited)",
				);
				GCC_SYMBOLS_PRIVATE_EXTERN = NO;
				GCC_WARN_64_TO_32_BIT_CONVERSION = YES;
				GCC_WARN_ABOUT_RETURN_TYPE = YES_ERROR;
				GCC_WARN_UNDECLARED_SELECTOR = YES;
				GCC_WARN_UNINITIALIZED_AUTOS = YES_AGGRESSIVE;
				GCC_WARN_UNUSED_FUNCTION = YES;
				GCC_WARN_UNUSED_VARIABLE = YES;
				IPHONEOS_DEPLOYMENT_TARGET = 7.1;
				ONLY_ACTIVE_ARCH = YES;
				SDKROOT = iphoneos;
				TARGETED_DEVICE_FAMILY = "1,2";
			};
			name = Debug;
		};
		5BEB20B3190A6FBB005949C1 /* Release */ = {
			isa = XCBuildConfiguration;
			buildSettings = {
				ALWAYS_SEARCH_USER_PATHS = NO;
				CLANG_CXX_LANGUAGE_STANDARD = "gnu++0x";
				CLANG_CXX_LIBRARY = "libc++";
				CLANG_ENABLE_MODULES = YES;
				CLANG_ENABLE_OBJC_ARC = YES;
				CLANG_WARN_BOOL_CONVERSION = YES;
				CLANG_WARN_CONSTANT_CONVERSION = YES;
				CLANG_WARN_DIRECT_OBJC_ISA_USAGE = YES_ERROR;
				CLANG_WARN_EMPTY_BODY = YES;
				CLANG_WARN_ENUM_CONVERSION = YES;
				CLANG_WARN_INT_CONVERSION = YES;
				CLANG_WARN_OBJC_ROOT_CLASS = YES_ERROR;
				CLANG_WARN__DUPLICATE_METHOD_MATCH = YES;
				"CODE_SIGN_IDENTITY[sdk=iphoneos*]" = "iPhone Developer";
				COPY_PHASE_STRIP = YES;
				ENABLE_NS_ASSERTIONS = NO;
				GCC_C_LANGUAGE_STANDARD = gnu99;
				GCC_WARN_64_TO_32_BIT_CONVERSION = YES;
				GCC_WARN_ABOUT_RETURN_TYPE = YES_ERROR;
				GCC_WARN_UNDECLARED_SELECTOR = YES;
				GCC_WARN_UNINITIALIZED_AUTOS = YES_AGGRESSIVE;
				GCC_WARN_UNUSED_FUNCTION = YES;
				GCC_WARN_UNUSED_VARIABLE = YES;
				IPHONEOS_DEPLOYMENT_TARGET = 7.1;
				SDKROOT = iphoneos;
				TARGETED_DEVICE_FAMILY = "1,2";
				VALIDATE_PRODUCT = YES;
			};
			name = Release;
		};
		5BEB20B5190A6FBB005949C1 /* Debug */ = {
			isa = XCBuildConfiguration;
			buildSettings = {
				ASSETCATALOG_COMPILER_APPICON_NAME = AppIcon;
				ASSETCATALOG_COMPILER_LAUNCHIMAGE_NAME = LaunchImage;
				GCC_PRECOMPILE_PREFIX_HEADER = YES;
				GCC_PREFIX_HEADER = "beacontunes/beacontunes-Prefix.pch";
				INFOPLIST_FILE = "beacontunes/beacontunes-Info.plist";
				PRODUCT_NAME = "$(TARGET_NAME)";
				WRAPPER_EXTENSION = app;
			};
			name = Debug;
		};
		5BEB20B6190A6FBB005949C1 /* Release */ = {
			isa = XCBuildConfiguration;
			buildSettings = {
				ASSETCATALOG_COMPILER_APPICON_NAME = AppIcon;
				ASSETCATALOG_COMPILER_LAUNCHIMAGE_NAME = LaunchImage;
				GCC_PRECOMPILE_PREFIX_HEADER = YES;
				GCC_PREFIX_HEADER = "beacontunes/beacontunes-Prefix.pch";
				INFOPLIST_FILE = "beacontunes/beacontunes-Info.plist";
				PRODUCT_NAME = "$(TARGET_NAME)";
				WRAPPER_EXTENSION = app;
			};
			name = Release;
		};
		5BEB20B8190A6FBB005949C1 /* Debug */ = {
			isa = XCBuildConfiguration;
			buildSettings = {
				BUNDLE_LOADER = "$(BUILT_PRODUCTS_DIR)/beacontunes.app/beacontunes";
				FRAMEWORK_SEARCH_PATHS = (
					"$(SDKROOT)/Developer/Library/Frameworks",
					"$(inherited)",
					"$(DEVELOPER_FRAMEWORKS_DIR)",
				);
				GCC_PRECOMPILE_PREFIX_HEADER = YES;
				GCC_PREFIX_HEADER = "beacontunes/beacontunes-Prefix.pch";
				GCC_PREPROCESSOR_DEFINITIONS = (
					"DEBUG=1",
					"$(inherited)",
				);
				INFOPLIST_FILE = "beacontunesTests/beacontunesTests-Info.plist";
				PRODUCT_NAME = "$(TARGET_NAME)";
				TEST_HOST = "$(BUNDLE_LOADER)";
				WRAPPER_EXTENSION = xctest;
			};
			name = Debug;
		};
		5BEB20B9190A6FBB005949C1 /* Release */ = {
			isa = XCBuildConfiguration;
			buildSettings = {
				BUNDLE_LOADER = "$(BUILT_PRODUCTS_DIR)/beacontunes.app/beacontunes";
				FRAMEWORK_SEARCH_PATHS = (
					"$(SDKROOT)/Developer/Library/Frameworks",
					"$(inherited)",
					"$(DEVELOPER_FRAMEWORKS_DIR)",
				);
				GCC_PRECOMPILE_PREFIX_HEADER = YES;
				GCC_PREFIX_HEADER = "beacontunes/beacontunes-Prefix.pch";
				INFOPLIST_FILE = "beacontunesTests/beacontunesTests-Info.plist";
				PRODUCT_NAME = "$(TARGET_NAME)";
				TEST_HOST = "$(BUNDLE_LOADER)";
				WRAPPER_EXTENSION = xctest;
			};
			name = Release;
		};
/* End XCBuildConfiguration section */

/* Begin XCConfigurationList section */
		5BEB2077190A6FBA005949C1 /* Build configuration list for PBXProject "beacontunes" */ = {
			isa = XCConfigurationList;
			buildConfigurations = (
				5BEB20B2190A6FBB005949C1 /* Debug */,
				5BEB20B3190A6FBB005949C1 /* Release */,
			);
			defaultConfigurationIsVisible = 0;
			defaultConfigurationName = Release;
		};
		5BEB20B4190A6FBB005949C1 /* Build configuration list for PBXNativeTarget "beacontunes" */ = {
			isa = XCConfigurationList;
			buildConfigurations = (
				5BEB20B5190A6FBB005949C1 /* Debug */,
				5BEB20B6190A6FBB005949C1 /* Release */,
			);
			defaultConfigurationIsVisible = 0;
		};
		5BEB20B7190A6FBB005949C1 /* Build configuration list for PBXNativeTarget "beacontunesTests" */ = {
			isa = XCConfigurationList;
			buildConfigurations = (
				5BEB20B8190A6FBB005949C1 /* Debug */,
				5BEB20B9190A6FBB005949C1 /* Release */,
			);
			defaultConfigurationIsVisible = 0;
		};
/* End XCConfigurationList section */
	};
	rootObject = 5BEB2074190A6FBA005949C1 /* Project object */;
}
